
Microsoft Visual Studio Solution File, Format Version 12.00
# Visual Studio Version 16
VisualStudioVersion = 16.0.30907.101
MinimumVisualStudioVersion = 10.0.40219.1
Project("{9A19103F-16F7-4668-BE54-9A1E7A4F7556}") = "ClassLibraryForArray", "ClassLibraryForArray\ClassLibraryForArray.csproj", "{E7643EBB-CBAB-4F29-B487-A401F5113908}"
EndProject
Project("{FAE04EC0-301F-11D3-BF4B-00C04F79EFBC}") = "ConsoleAppTest", "ConsoleAppTest\ConsoleAppTest.csproj", "{D09C121F-8827-4611-AA34-A15C6C8EA267}"
EndProject
Global
	GlobalSection(SolutionConfigurationPlatforms) = preSolution
		Debug|Any CPU = Debug|Any CPU
		Release|Any CPU = Release|Any CPU
	EndGlobalSection
	GlobalSection(ProjectConfigurationPlatforms) = postSolution
		{E7643EBB-CBAB-4F29-B487-A401F5113908}.Debug|Any CPU.ActiveCfg = Debug|Any CPU
		{E7643EBB-CBAB-4F29-B487-A401F5113908}.Debug|Any CPU.Build.0 = Debug|Any CPU
		{E7643EBB-CBAB-4F29-B487-A401F5113908}.Release|Any CPU.ActiveCfg = Release|Any CPU
		{E7643EBB-CBAB-4F29-B487-A401F5113908}.Release|Any CPU.Build.0 = Release|Any CPU
		{D09C121F-8827-4611-AA34-A15C6C8EA267}.Debug|Any CPU.ActiveCfg = Debug|Any CPU
		{D09C121F-8827-4611-AA34-A15C6C8EA267}.Debug|Any CPU.Build.0 = Debug|Any CPU
		{D09C121F-8827-4611-AA34-A15C6C8EA267}.Release|Any CPU.ActiveCfg = Release|Any CPU
		{D09C121F-8827-4611-AA34-A15C6C8EA267}.Release|Any CPU.Build.0 = Release|Any CPU
	EndGlobalSection
	GlobalSection(SolutionProperties) = preSolution
		HideSolutionNode = FALSE
	EndGlobalSection
	GlobalSection(ExtensibilityGlobals) = postSolution
		SolutionGuid = {36BB19C0-A3C9-44F5-BFD4-201B3DA7AF9D}
	EndGlobalSection
EndGlobal
